
Microsoft Visual Studio Solution File, Format Version 12.00
# Visual Studio Version 17
VisualStudioVersion = 17.0.31903.59
MinimumVisualStudioVersion = 10.0.40219.1
Project("{2150E333-8FDC-42A3-9474-1A3956D46DE8}") = "src", "src", "{827E0CD3-B72D-47B6-A68D-7590B98EB39B}"
EndProject
Project("{FAE04EC0-301F-11D3-BF4B-00C04F79EFBC}") = "Common", "src\Common\Common.csproj", "{CD6A889F-2648-4722-80B9-0E1D9382EB35}"
EndProject
Project("{FAE04EC0-301F-11D3-BF4B-00C04F79EFBC}") = "UploadService", "src\UploadService\UploadService.csproj", "{334B8EB7-6585-40B2-89D8-66D7C4C485AB}"
EndProject
Project("{FAE04EC0-301F-11D3-BF4B-00C04F79EFBC}") = "ParsingService", "src\ParsingService\ParsingService.csproj", "{171CFA7C-2A39-4145-83A7-F2C250AA2C77}"
EndProject
Project("{FAE04EC0-301F-11D3-BF4B-00C04F79EFBC}") = "QueryService", "src\QueryService\QueryService.csproj", "{6009CE4D-1280-4931-983E-9469B215ACEF}"
EndProject
Global
	GlobalSection(SolutionConfigurationPlatforms) = preSolution
		Debug|Any CPU = Debug|Any CPU
		Debug|x64 = Debug|x64
		Debug|x86 = Debug|x86
		Release|Any CPU = Release|Any CPU
		Release|x64 = Release|x64
		Release|x86 = Release|x86
	EndGlobalSection
	GlobalSection(ProjectConfigurationPlatforms) = postSolution
		{CD6A889F-2648-4722-80B9-0E1D9382EB35}.Debug|Any CPU.ActiveCfg = Debug|Any CPU
		{CD6A889F-2648-4722-80B9-0E1D9382EB35}.Debug|Any CPU.Build.0 = Debug|Any CPU
		{CD6A889F-2648-4722-80B9-0E1D9382EB35}.Debug|x64.ActiveCfg = Debug|Any CPU
		{CD6A889F-2648-4722-80B9-0E1D9382EB35}.Debug|x64.Build.0 = Debug|Any CPU
		{CD6A889F-2648-4722-80B9-0E1D9382EB35}.Debug|x86.ActiveCfg = Debug|Any CPU
		{CD6A889F-2648-4722-80B9-0E1D9382EB35}.Debug|x86.Build.0 = Debug|Any CPU
		{CD6A889F-2648-4722-80B9-0E1D9382EB35}.Release|Any CPU.ActiveCfg = Release|Any CPU
		{CD6A889F-2648-4722-80B9-0E1D9382EB35}.Release|Any CPU.Build.0 = Release|Any CPU
		{CD6A889F-2648-4722-80B9-0E1D9382EB35}.Release|x64.ActiveCfg = Release|Any CPU
		{CD6A889F-2648-4722-80B9-0E1D9382EB35}.Release|x64.Build.0 = Release|Any CPU
		{CD6A889F-2648-4722-80B9-0E1D9382EB35}.Release|x86.ActiveCfg = Release|Any CPU
		{CD6A889F-2648-4722-80B9-0E1D9382EB35}.Release|x86.Build.0 = Release|Any CPU
		{334B8EB7-6585-40B2-89D8-66D7C4C485AB}.Debug|Any CPU.ActiveCfg = Debug|Any CPU
		{334B8EB7-6585-40B2-89D8-66D7C4C485AB}.Debug|Any CPU.Build.0 = Debug|Any CPU
		{334B8EB7-6585-40B2-89D8-66D7C4C485AB}.Debug|x64.ActiveCfg = Debug|Any CPU
		{334B8EB7-6585-40B2-89D8-66D7C4C485AB}.Debug|x64.Build.0 = Debug|Any CPU
		{334B8EB7-6585-40B2-89D8-66D7C4C485AB}.Debug|x86.ActiveCfg = Debug|Any CPU
		{334B8EB7-6585-40B2-89D8-66D7C4C485AB}.Debug|x86.Build.0 = Debug|Any CPU
		{334B8EB7-6585-40B2-89D8-66D7C4C485AB}.Release|Any CPU.ActiveCfg = Release|Any CPU
		{334B8EB7-6585-40B2-89D8-66D7C4C485AB}.Release|Any CPU.Build.0 = Release|Any CPU
		{334B8EB7-6585-40B2-89D8-66D7C4C485AB}.Release|x64.ActiveCfg = Release|Any CPU
		{334B8EB7-6585-40B2-89D8-66D7C4C485AB}.Release|x64.Build.0 = Release|Any CPU
		{334B8EB7-6585-40B2-89D8-66D7C4C485AB}.Release|x86.ActiveCfg = Release|Any CPU
		{334B8EB7-6585-40B2-89D8-66D7C4C485AB}.Release|x86.Build.0 = Release|Any CPU
		{171CFA7C-2A39-4145-83A7-F2C250AA2C77}.Debug|Any CPU.ActiveCfg = Debug|Any CPU
		{171CFA7C-2A39-4145-83A7-F2C250AA2C77}.Debug|Any CPU.Build.0 = Debug|Any CPU
		{171CFA7C-2A39-4145-83A7-F2C250AA2C77}.Debug|x64.ActiveCfg = Debug|Any CPU
		{171CFA7C-2A39-4145-83A7-F2C250AA2C77}.Debug|x64.Build.0 = Debug|Any CPU
		{171CFA7C-2A39-4145-83A7-F2C250AA2C77}.Debug|x86.ActiveCfg = Debug|Any CPU
		{171CFA7C-2A39-4145-83A7-F2C250AA2C77}.Debug|x86.Build.0 = Debug|Any CPU
		{171CFA7C-2A39-4145-83A7-F2C250AA2C77}.Release|Any CPU.ActiveCfg = Release|Any CPU
		{171CFA7C-2A39-4145-83A7-F2C250AA2C77}.Release|Any CPU.Build.0 = Release|Any CPU
		{171CFA7C-2A39-4145-83A7-F2C250AA2C77}.Release|x64.ActiveCfg = Release|Any CPU
		{171CFA7C-2A39-4145-83A7-F2C250AA2C77}.Release|x64.Build.0 = Release|Any CPU
		{171CFA7C-2A39-4145-83A7-F2C250AA2C77}.Release|x86.ActiveCfg = Release|Any CPU
		{171CFA7C-2A39-4145-83A7-F2C250AA2C77}.Release|x86.Build.0 = Release|Any CPU
		{6009CE4D-1280-4931-983E-9469B215ACEF}.Debug|Any CPU.ActiveCfg = Debug|Any CPU
		{6009CE4D-1280-4931-983E-9469B215ACEF}.Debug|Any CPU.Build.0 = Debug|Any CPU
		{6009CE4D-1280-4931-983E-9469B215ACEF}.Debug|x64.ActiveCfg = Debug|Any CPU
		{6009CE4D-1280-4931-983E-9469B215ACEF}.Debug|x64.Build.0 = Debug|Any CPU
		{6009CE4D-1280-4931-983E-9469B215ACEF}.Debug|x86.ActiveCfg = Debug|Any CPU
		{6009CE4D-1280-4931-983E-9469B215ACEF}.Debug|x86.Build.0 = Debug|Any CPU
		{6009CE4D-1280-4931-983E-9469B215ACEF}.Release|Any CPU.ActiveCfg = Release|Any CPU
		{6009CE4D-1280-4931-983E-9469B215ACEF}.Release|Any CPU.Build.0 = Release|Any CPU
		{6009CE4D-1280-4931-983E-9469B215ACEF}.Release|x64.ActiveCfg = Release|Any CPU
		{6009CE4D-1280-4931-983E-9469B215ACEF}.Release|x64.Build.0 = Release|Any CPU
		{6009CE4D-1280-4931-983E-9469B215ACEF}.Release|x86.ActiveCfg = Release|Any CPU
		{6009CE4D-1280-4931-983E-9469B215ACEF}.Release|x86.Build.0 = Release|Any CPU
	EndGlobalSection
	GlobalSection(SolutionProperties) = preSolution
		HideSolutionNode = FALSE
	EndGlobalSection
	GlobalSection(NestedProjects) = preSolution
		{CD6A889F-2648-4722-80B9-0E1D9382EB35} = {827E0CD3-B72D-47B6-A68D-7590B98EB39B}
		{334B8EB7-6585-40B2-89D8-66D7C4C485AB} = {827E0CD3-B72D-47B6-A68D-7590B98EB39B}
		{171CFA7C-2A39-4145-83A7-F2C250AA2C77} = {827E0CD3-B72D-47B6-A68D-7590B98EB39B}
		{6009CE4D-1280-4931-983E-9469B215ACEF} = {827E0CD3-B72D-47B6-A68D-7590B98EB39B}
	EndGlobalSection
EndGlobal
